stim==1.15.0 \
    --hash=sha256:f0fb249f1a2897a22cbe4e0c2627abf49188cbbf19b942d4749972d1c3bdf12c
pymatching==2.2.2 \
    --hash=sha256:166abeb45525cbbcb656e66e4400ff24a11b2cf29495dc7b213885809f45d237
numpy==2.1.3 \
    --hash=sha256:bc6f24b3d1ecc1eebfbf5d6051faa49af40b03be1aaa781ebdadcbc090b4539b
scipy==1.14.1 \
    --hash=sha256:fef8c87f8abfb884dac04e97824b61299880c43f4ce675dd2cbeadd3c9b466d2
pandas==2.2.3 \
    --hash=sha256:c124333816c3a9b03fbeef3a9f230ba9a737e9e5bb4060aa2107a86cc0a497fc
pyarrow==18.1.0 \
    --hash=sha256:e31e9417ba9c42627574bdbfeada7217ad8a4cbbe45b9d6bdd4b62abbca4c6f6
matplotlib==3.9.3 \
    --hash=sha256:d3c93796b44fa111049b88a24105e947f03c01966b5c0cc782e2ee3887b790a3
pytest==8.3.4 \
    --hash=sha256:50e16d954148559c9a74109af1eaf0c945ba2d8f30f0a3d3335edde19788b6f6
psutil==6.1.1 \
    --hash=sha256:97f7cb9921fbec4904f522d972f0c0e1f4fabbdd4e0287813b21215074a0f160
jsonschema==4.23.0 \
    --hash=sha256:fbadb6f8b144a8f8cf9f0b89ba94501d143e50411a1278633f56a7acf7fd5566
attrs==26.1.0 \
    --hash=sha256:c647aa4a12dfbad9333ca4e71fe62ddc36f4e63b2d260a37a8b83d2f043ac309
contourpy==1.3.2 \
    --hash=sha256:3859783aefa2b8355697f16642695a5b9792e7a46ab86da1118a4a23a51a33d7
cycler==0.12.1 \
    --hash=sha256:85cef7cff222d8644161529808465972e51340599459b8ac3ccbac5a854e0d30
fonttools==4.63.0 \
    --hash=sha256:d76ac49f929aecaf82d83250b8347e099d7aecba0f4726c1d9b6df3b8bb5fe18
iniconfig==2.3.0 \
    --hash=sha256:f631c04d2c48c52b84d0d0549c99ff3859c98df65b3101406327ecc7d53fbf12
jsonschema-specifications==2025.9.1 \
    --hash=sha256:98802fee3a11ee76ecaca44429fda8a41bff98b00a0f2838151b113f210cc6fe
kiwisolver==1.5.0 \
    --hash=sha256:2517e24d7315eb51c10664cdb865195df38ab74456c677df67bb47f12d088a27
networkx==3.6.1 \
    --hash=sha256:d47fbf302e7d9cbbb9e2555a0d267983d2aa476bac30e90dfbe5669bd57f3762
packaging==26.2 \
    --hash=sha256:5fc45236b9446107ff2415ce77c807cee2862cb6fac22b8a73826d0693b0980e
pillow==12.2.0 \
    --hash=sha256:8bd7903a5f2a4545f6fd5935c90058b89d30045568985a71c79f5fd6edf9b91e
pluggy==1.6.0 \
    --hash=sha256:e920276dd6813095e9377c0bc5566d94c932c33b27a3e3945d8389c374dd4746
pyparsing==3.3.2 \
    --hash=sha256:850ba148bd908d7e2411587e247a1e4f0327839c40e2e5e6d05a007ecc69911d
python-dateutil==2.9.0.post0 \
    --hash=sha256:a8b2bc7bffae282281c8140a97d3aa9c14da0b136dfe83f850eea9a5f7470427
pytz==2026.3.post1 \
    --hash=sha256:dd95840dd199baea12d9cc096a1d452caa6596a1c1e4b5f3dbd1541855d5e815
referencing==0.37.0 \
    --hash=sha256:381329a9f99628c9069361716891d34ad94af76e461dcb0335825aecc7692231
rpds-py==2026.6.3 \
    --hash=sha256:9c1255b302953c86a486b81d330d5ee1d5bd937691ce271b6be0ef0e299eaab7
six==1.17.0 \
    --hash=sha256:4721f391ed90541fddacab5acf947aa0d3dc7d27b2e1e8eda2be8970586c3274
tzdata==2026.3 \
    --hash=sha256:dc096730c87af6cab1b171c9d532be840741ff5d459015e7f6947bd7d7e54931
typing-extensions==4.12.2 \
    --hash=sha256:04e5ca0351e0f3f85c6853954072df659d0d13fac324d0072316b67d7794700d
